
Microsoft Visual Studio Solution File, Format Version 12.00
# Visual Studio 15
VisualStudioVersion = 15.0.27130.0
MinimumVisualStudioVersion = 10.0.40219.1
Project("{2150E333-8FDC-42A3-9474-1A3956D46DE8}") = "MapReduce-TaskDependency", "MapReduce-TaskDependency", "{BE68D81F-D39F-4CD0-96A1-E57632C9AD0B}"
EndProject
Project("{FAE04EC0-301F-11D3-BF4B-00C04F79EFBC}") = "BatchProcessor", "BatchProcessor\BatchProcessor.csproj", "{166C47C1-70DA-4151-A9A7-680FA5199C76}"
EndProject
Global
	GlobalSection(SolutionConfigurationPlatforms) = preSolution
		Debug|Any CPU = Debug|Any CPU
		Release|Any CPU = Release|Any CPU
	EndGlobalSection
	GlobalSection(ProjectConfigurationPlatforms) = postSolution
		{166C47C1-70DA-4151-A9A7-680FA5199C76}.Debug|Any CPU.ActiveCfg = Debug|Any CPU
		{166C47C1-70DA-4151-A9A7-680FA5199C76}.Debug|Any CPU.Build.0 = Debug|Any CPU
		{166C47C1-70DA-4151-A9A7-680FA5199C76}.Release|Any CPU.ActiveCfg = Release|Any CPU
		{166C47C1-70DA-4151-A9A7-680FA5199C76}.Release|Any CPU.Build.0 = Release|Any CPU
	EndGlobalSection
	GlobalSection(SolutionProperties) = preSolution
		HideSolutionNode = FALSE
	EndGlobalSection
	GlobalSection(NestedProjects) = preSolution
		{166C47C1-70DA-4151-A9A7-680FA5199C76} = {BE68D81F-D39F-4CD0-96A1-E57632C9AD0B}
	EndGlobalSection
	GlobalSection(ExtensibilityGlobals) = postSolution
		SolutionGuid = {4FFC3569-0A8B-4491-83D4-4C55351EEAF4}
	EndGlobalSection
EndGlobal
